
Microsoft Visual Studio Solution File, Format Version 12.00
# Visual Studio 15
VisualStudioVersion = 15.0.27428.2002
MinimumVisualStudioVersion = 10.0.40219.1
Project("{F184B08F-C81C-45F6-A57F-5ABD9991F28F}") = "QLDLNuoc_GUI", "QLDLNuoc\QLDLNuoc_GUI.vbproj", "{1FCECF63-6E2B-4090-8346-FED9EEEB0FAB}"
EndProject
Project("{F184B08F-C81C-45F6-A57F-5ABD9991F28F}") = "QLDLNuoc_BUS", "ClassLibrary1\QLDLNuoc_BUS.vbproj", "{289ADDE4-5F44-42E9-88FA-7697E206E05B}"
EndProject
Project("{F184B08F-C81C-45F6-A57F-5ABD9991F28F}") = "Utility", "Utility\Utility.vbproj", "{DCFA8F7C-D301-4677-83C5-8BFA6475D482}"
EndProject
Project("{F184B08F-C81C-45F6-A57F-5ABD9991F28F}") = "QLDLNuoc_DAL", "QLDLNuoc_DAL\QLDLNuoc_DAL.vbproj", "{814A049A-646E-45C4-B7FA-DC6C7634D965}"
EndProject
Project("{F184B08F-C81C-45F6-A57F-5ABD9991F28F}") = "QLDLNuoc_DTO", "QLDLNuoc_DTO\QLDLNuoc_DTO.vbproj", "{7394A10B-E6DC-4FB0-A9B4-7D9330CF72F5}"
EndProject
Global
	GlobalSection(SolutionConfigurationPlatforms) = preSolution
		Debug|Any CPU = Debug|Any CPU
		Release|Any CPU = Release|Any CPU
	EndGlobalSection
	GlobalSection(ProjectConfigurationPlatforms) = postSolution
		{1FCECF63-6E2B-4090-8346-FED9EEEB0FAB}.Debug|Any CPU.ActiveCfg = Debug|Any CPU
		{1FCECF63-6E2B-4090-8346-FED9EEEB0FAB}.Debug|Any CPU.Build.0 = Debug|Any CPU
		{1FCECF63-6E2B-4090-8346-FED9EEEB0FAB}.Release|Any CPU.ActiveCfg = Release|Any CPU
		{1FCECF63-6E2B-4090-8346-FED9EEEB0FAB}.Release|Any CPU.Build.0 = Release|Any CPU
		{289ADDE4-5F44-42E9-88FA-7697E206E05B}.Debug|Any CPU.ActiveCfg = Debug|Any CPU
		{289ADDE4-5F44-42E9-88FA-7697E206E05B}.Debug|Any CPU.Build.0 = Debug|Any CPU
		{289ADDE4-5F44-42E9-88FA-7697E206E05B}.Release|Any CPU.ActiveCfg = Release|Any CPU
		{289ADDE4-5F44-42E9-88FA-7697E206E05B}.Release|Any CPU.Build.0 = Release|Any CPU
		{DCFA8F7C-D301-4677-83C5-8BFA6475D482}.Debug|Any CPU.ActiveCfg = Debug|Any CPU
		{DCFA8F7C-D301-4677-83C5-8BFA6475D482}.Debug|Any CPU.Build.0 = Debug|Any CPU
		{DCFA8F7C-D301-4677-83C5-8BFA6475D482}.Release|Any CPU.ActiveCfg = Release|Any CPU
		{DCFA8F7C-D301-4677-83C5-8BFA6475D482}.Release|Any CPU.Build.0 = Release|Any CPU
		{814A049A-646E-45C4-B7FA-DC6C7634D965}.Debug|Any CPU.ActiveCfg = Debug|Any CPU
		{814A049A-646E-45C4-B7FA-DC6C7634D965}.Debug|Any CPU.Build.0 = Debug|Any CPU
		{814A049A-646E-45C4-B7FA-DC6C7634D965}.Release|Any CPU.ActiveCfg = Release|Any CPU
		{814A049A-646E-45C4-B7FA-DC6C7634D965}.Release|Any CPU.Build.0 = Release|Any CPU
		{7394A10B-E6DC-4FB0-A9B4-7D9330CF72F5}.Debug|Any CPU.ActiveCfg = Debug|Any CPU
		{7394A10B-E6DC-4FB0-A9B4-7D9330CF72F5}.Debug|Any CPU.Build.0 = Debug|Any CPU
		{7394A10B-E6DC-4FB0-A9B4-7D9330CF72F5}.Release|Any CPU.ActiveCfg = Release|Any CPU
		{7394A10B-E6DC-4FB0-A9B4-7D9330CF72F5}.Release|Any CPU.Build.0 = Release|Any CPU
	EndGlobalSection
	GlobalSection(SolutionProperties) = preSolution
		HideSolutionNode = FALSE
	EndGlobalSection
	GlobalSection(ExtensibilityGlobals) = postSolution
		SolutionGuid = {38F3C466-F9F8-42B7-931C-E02C0E0D568A}
	EndGlobalSection
EndGlobal
